// !$*UTF8*$!
{
	archiveVersion = 1;
	classes = {
	};
	objectVersion = 56;
	objects = {

/* Begin PBXBuildFile section */
		840E3CCF2BAD4DFA00E2ED11 /* TrackrLoginTests.swift in Sources */ = {isa = PBXBuildFile; fileRef = 840E3CCE2BAD4DFA00E2ED11 /* TrackrLoginTests.swift */; };
		845FA4052BABFA73001A9831 /* AppDelegate.swift in Sources */ = {isa = PBXBuildFile; fileRef = 845FA4042BABFA73001A9831 /* AppDelegate.swift */; };
		845FA4072BABFA73001A9831 /* SceneDelegate.swift in Sources */ = {isa = PBXBuildFile; fileRef = 845FA4062BABFA73001A9831 /* SceneDelegate.swift */; };
		845FA4092BABFA73001A9831 /* LoginController.swift in Sources */ = {isa = PBXBuildFile; fileRef = 845FA4082BABFA73001A9831 /* LoginController.swift */; };
		845FA40C2BABFA73001A9831 /* Base in Resources */ = {isa = PBXBuildFile; fileRef = 845FA40B2BABFA73001A9831 /* Base */; };
		845FA40E2BABFA74001A9831 /* Assets.xcassets in Resources */ = {isa = PBXBuildFile; fileRef = 845FA40D2BABFA74001A9831 /* Assets.xcassets */; };
		845FA4112BABFA74001A9831 /* Base in Resources */ = {isa = PBXBuildFile; fileRef = 845FA4102BABFA74001A9831 /* Base */; };
		845FA41C2BABFA74001A9831 /* TrackrTests.swift in Sources */ = {isa = PBXBuildFile; fileRef = 845FA41B2BABFA74001A9831 /* TrackrTests.swift */; };
		845FA4262BABFA74001A9831 /* TrackrUITests.swift in Sources */ = {isa = PBXBuildFile; fileRef = 845FA4252BABFA74001A9831 /* TrackrUITests.swift */; };
		845FA4282BABFA74001A9831 /* TrackrUITestsLaunchTests.swift in Sources */ = {isa = PBXBuildFile; fileRef = 845FA4272BABFA74001A9831 /* TrackrUITestsLaunchTests.swift */; };
		845FA4352BAC0E71001A9831 /* HomeController.swift in Sources */ = {isa = PBXBuildFile; fileRef = 845FA4342BAC0E71001A9831 /* HomeController.swift */; };
		845FA4382BAC76C5001A9831 /* User.swift in Sources */ = {isa = PBXBuildFile; fileRef = 845FA4372BAC76C5001A9831 /* User.swift */; };
/* End PBXBuildFile section */

/* Begin PBXContainerItemProxy section */
		845FA4182BABFA74001A9831 /* PBXContainerItemProxy */ = {
			isa = PBXContainerItemProxy;
			containerPortal = 845FA3F92BABFA73001A9831 /* Project object */;
			proxyType = 1;
			remoteGlobalIDString = 845FA4002BABFA73001A9831;
			remoteInfo = Trackr;
		};
		845FA4222BABFA74001A9831 /* PBXContainerItemProxy */ = {
			isa = PBXContainerItemProxy;
			containerPortal = 845FA3F92BABFA73001A9831 /* Project object */;
			proxyType = 1;
			remoteGlobalIDString = 845FA4002BABFA73001A9831;
			remoteInfo = Trackr;
		};
/* End PBXContainerItemProxy section */

/* Begin PBXFileReference section */
		840E3CCE2BAD4DFA00E2ED11 /* TrackrLoginTests.swift */ = {isa = PBXFileReference; lastKnownFileType = sourcecode.swift; path = TrackrLoginTests.swift; sourceTree = "<group>"; };
		845FA4012BABFA73001A9831 /* Trackr.app */ = {isa = PBXFileReference; explicitFileType = wrapper.application; includeInIndex = 0; path = Trackr.app; sourceTree = BUILT_PRODUCTS_DIR; };
		845FA4042BABFA73001A9831 /* AppDelegate.swift */ = {isa = PBXFileReference; lastKnownFileType = sourcecode.swift; path = AppDelegate.swift; sourceTree = "<group>"; };
		845FA4062BABFA73001A9831 /* SceneDelegate.swift */ = {isa = PBXFileReference; lastKnownFileType = sourcecode.swift; path = SceneDelegate.swift; sourceTree = "<group>"; };
		845FA4082BABFA73001A9831 /* LoginController.swift */ = {isa = PBXFileReference; lastKnownFileType = sourcecode.swift; path = LoginController.swift; sourceTree = "<group>"; };
		845FA40B2BABFA73001A9831 /* Base */ = {isa = PBXFileReference; lastKnownFileType = file.storyboard; name = Base; path = Base.lproj/Main.storyboard; sourceTree = "<group>"; };
		845FA40D2BABFA74001A9831 /* Assets.xcassets */ = {isa = PBXFileReference; lastKnownFileType = folder.assetcatalog; path = Assets.xcassets; sourceTree = "<group>"; };
		845FA4102BABFA74001A9831 /* Base */ = {isa = PBXFileReference; lastKnownFileType = file.storyboard; name = Base; path = Base.lproj/LaunchScreen.storyboard; sourceTree = "<group>"; };
		845FA4122BABFA74001A9831 /* Info.plist */ = {isa = PBXFileReference; lastKnownFileType = text.plist.xml; path = Info.plist; sourceTree = "<group>"; };
		845FA4172BABFA74001A9831 /* TrackrTests.xctest */ = {isa = PBXFileReference; explicitFileType = wrapper.cfbundle; includeInIndex = 0; path = TrackrTests.xctest; sourceTree = BUILT_PRODUCTS_DIR; };
		845FA41B2BABFA74001A9831 /* TrackrTests.swift */ = {isa = PBXFileReference; lastKnownFileType = sourcecode.swift; path = TrackrTests.swift; sourceTree = "<group>"; };
		845FA4212BABFA74001A9831 /* TrackrUITests.xctest */ = {isa = PBXFileReference; explicitFileType = wrapper.cfbundle; includeInIndex = 0; path = TrackrUITests.xctest; sourceTree = BUILT_PRODUCTS_DIR; };
		845FA4252BABFA74001A9831 /* TrackrUITests.swift */ = {isa = PBXFileReference; lastKnownFileType = sourcecode.swift; path = TrackrUITests.swift; sourceTree = "<group>"; };
		845FA4272BABFA74001A9831 /* TrackrUITestsLaunchTests.swift */ = {isa = PBXFileReference; lastKnownFileType = sourcecode.swift; path = TrackrUITestsLaunchTests.swift; sourceTree = "<group>"; };
		845FA4342BAC0E71001A9831 /* HomeController.swift */ = {isa = PBXFileReference; lastKnownFileType = sourcecode.swift; path = HomeController.swift; sourceTree = "<group>"; };
		845FA4372BAC76C5001A9831 /* User.swift */ = {isa = PBXFileReference; lastKnownFileType = sourcecode.swift; path = User.swift; sourceTree = "<group>"; };
/* End PBXFileReference section */

/* Begin PBXFrameworksBuildPhase section */
		845FA3FE2BABFA73001A9831 /* Frameworks */ = {
			isa = PBXFrameworksBuildPhase;
			buildActionMask = 2147483647;
			files = (
			);
			runOnlyForDeploymentPostprocessing = 0;
		};
		845FA4142BABFA74001A9831 /* Frameworks */ = {
			isa = PBXFrameworksBuildPhase;
			buildActionMask = 2147483647;
			files = (
			);
			runOnlyForDeploymentPostprocessing = 0;
		};
		845FA41E2BABFA74001A9831 /* Frameworks */ = {
			isa = PBXFrameworksBuildPhase;
			buildActionMask = 2147483647;
			files = (
			);
			runOnlyForDeploymentPostprocessing = 0;
		};
/* End PBXFrameworksBuildPhase section */

/* Begin PBXGroup section */
		845FA3F82BABFA73001A9831 = {
			isa = PBXGroup;
			children = (
				845FA4032BABFA73001A9831 /* Trackr */,
				845FA41A2BABFA74001A9831 /* TrackrTests */,
				845FA4242BABFA74001A9831 /* TrackrUITests */,
				845FA4022BABFA73001A9831 /* Products */,
			);
			sourceTree = "<group>";
		};
		845FA4022BABFA73001A9831 /* Products */ = {
			isa = PBXGroup;
			children = (
				845FA4012BABFA73001A9831 /* Trackr.app */,
				845FA4172BABFA74001A9831 /* TrackrTests.xctest */,
				845FA4212BABFA74001A9831 /* TrackrUITests.xctest */,
			);
			name = Products;
			sourceTree = "<group>";
		};
		845FA4032BABFA73001A9831 /* Trackr */ = {
			isa = PBXGroup;
			children = (
				845FA4362BAC76B4001A9831 /* Model */,
				845FA4042BABFA73001A9831 /* AppDelegate.swift */,
				845FA4062BABFA73001A9831 /* SceneDelegate.swift */,
				845FA4082BABFA73001A9831 /* LoginController.swift */,
				845FA4342BAC0E71001A9831 /* HomeController.swift */,
				845FA40A2BABFA73001A9831 /* Main.storyboard */,
				845FA40D2BABFA74001A9831 /* Assets.xcassets */,
				845FA40F2BABFA74001A9831 /* LaunchScreen.storyboard */,
				845FA4122BABFA74001A9831 /* Info.plist */,
			);
			path = Trackr;
			sourceTree = "<group>";
		};
		845FA41A2BABFA74001A9831 /* TrackrTests */ = {
			isa = PBXGroup;
			children = (
				845FA41B2BABFA74001A9831 /* TrackrTests.swift */,
			);
			path = TrackrTests;
			sourceTree = "<group>";
		};
		845FA4242BABFA74001A9831 /* TrackrUITests */ = {
			isa = PBXGroup;
			children = (
				845FA4252BABFA74001A9831 /* TrackrUITests.swift */,
				845FA4272BABFA74001A9831 /* TrackrUITestsLaunchTests.swift */,
				840E3CCE2BAD4DFA00E2ED11 /* TrackrLoginTests.swift */,
			);
			path = TrackrUITests;
			sourceTree = "<group>";
		};
		845FA4362BAC76B4001A9831 /* Model */ = {
			isa = PBXGroup;
			children = (
				845FA4372BAC76C5001A9831 /* User.swift */,
			);
			path = Model;
			sourceTree = "<group>";
		};
/* End PBXGroup section */

/* Begin PBXNativeTarget section */
		845FA4002BABFA73001A9831 /* Trackr */ = {
			isa = PBXNativeTarget;
			buildConfigurationList = 845FA42B2BABFA74001A9831 /* Build configuration list for PBXNativeTarget "Trackr" */;
			buildPhases = (
				845FA3FD2BABFA73001A9831 /* Sources */,
				845FA3FE2BABFA73001A9831 /* Frameworks */,
				845FA3FF2BABFA73001A9831 /* Resources */,
			);
			buildRules = (
			);
			dependencies = (
			);
			name = Trackr;
			productName = Trackr;
			productReference = 845FA4012BABFA73001A9831 /* Trackr.app */;
			productType = "com.apple.product-type.application";
		};
		845FA4162BABFA74001A9831 /* TrackrTests */ = {
			isa = PBXNativeTarget;
			buildConfigurationList = 845FA42E2BABFA74001A9831 /* Build configuration list for PBXNativeTarget "TrackrTests" */;
			buildPhases = (
				845FA4132BABFA74001A9831 /* Sources */,
				845FA4142BABFA74001A9831 /* Frameworks */,
				845FA4152BABFA74001A9831 /* Resources */,
			);
			buildRules = (
			);
			dependencies = (
				845FA4192BABFA74001A9831 /* PBXTargetDependency */,
			);
			name = TrackrTests;
			productName = TrackrTests;
			productReference = 845FA4172BABFA74001A9831 /* TrackrTests.xctest */;
			productType = "com.apple.product-type.bundle.unit-test";
		};
		845FA4202BABFA74001A9831 /* TrackrUITests */ = {
			isa = PBXNativeTarget;
			buildConfigurationList = 845FA4312BABFA74001A9831 /* Build configuration list for PBXNativeTarget "TrackrUITests" */;
			buildPhases = (
				845FA41D2BABFA74001A9831 /* Sources */,
				845FA41E2BABFA74001A9831 /* Frameworks */,
				845FA41F2BABFA74001A9831 /* Resources */,
			);
			buildRules = (
			);
			dependencies = (
				845FA4232BABFA74001A9831 /* PBXTargetDependency */,
			);
			name = TrackrUITests;
			productName = TrackrUITests;
			productReference = 845FA4212BABFA74001A9831 /* TrackrUITests.xctest */;
			productType = "com.apple.product-type.bundle.ui-testing";
		};
/* End PBXNativeTarget section */

/* Begin PBXProject section */
		845FA3F92BABFA73001A9831 /* Project object */ = {
			isa = PBXProject;
			attributes = {
				BuildIndependentTargetsInParallel = 1;
				LastSwiftUpdateCheck = 1530;
				LastUpgradeCheck = 1530;
				TargetAttributes = {
					845FA4002BABFA73001A9831 = {
						CreatedOnToolsVersion = 15.3;
					};
					845FA4162BABFA74001A9831 = {
						CreatedOnToolsVersion = 15.3;
						TestTargetID = 845FA4002BABFA73001A9831;
					};
					845FA4202BABFA74001A9831 = {
						CreatedOnToolsVersion = 15.3;
						TestTargetID = 845FA4002BABFA73001A9831;
					};
				};
			};
			buildConfigurationList = 845FA3FC2BABFA73001A9831 /* Build configuration list for PBXProject "Trackr" */;
			compatibilityVersion = "Xcode 14.0";
			developmentRegion = en;
			hasScannedForEncodings = 0;
			knownRegions = (
				en,
				Base,
			);
			mainGroup = 845FA3F82BABFA73001A9831;
			productRefGroup = 845FA4022BABFA73001A9831 /* Products */;
			projectDirPath = "";
			projectRoot = "";
			targets = (
				845FA4002BABFA73001A9831 /* Trackr */,
				845FA4162BABFA74001A9831 /* TrackrTests */,
				845FA4202BABFA74001A9831 /* TrackrUITests */,
			);
		};
/* End PBXProject section */

/* Begin PBXResourcesBuildPhase section */
		845FA3FF2BABFA73001A9831 /* Resources */ = {
			isa = PBXResourcesBuildPhase;
			buildActionMask = 2147483647;
			files = (
				845FA40E2BABFA74001A9831 /* Assets.xcassets in Resources */,
				845FA4112BABFA74001A9831 /* Base in Resources */,
				845FA40C2BABFA73001A9831 /* Base in Resources */,
			);
			runOnlyForDeploymentPostprocessing = 0;
		};
		845FA4152BABFA74001A9831 /* Resources */ = {
			isa = PBXResourcesBuildPhase;
			buildActionMask = 2147483647;
			files = (
			);
			runOnlyForDeploymentPostprocessing = 0;
		};
		845FA41F2BABFA74001A9831 /* Resources */ = {
			isa = PBXResourcesBuildPhase;
			buildActionMask = 2147483647;
			files = (
			);
			runOnlyForDeploymentPostprocessing = 0;
		};
/* End PBXResourcesBuildPhase section */

/* Begin PBXSourcesBuildPhase section */
		845FA3FD2BABFA73001A9831 /* Sources */ = {
			isa = PBXSourcesBuildPhase;
			buildActionMask = 2147483647;
			files = (
				845FA4352BAC0E71001A9831 /* HomeController.swift in Sources */,
				845FA4092BABFA73001A9831 /* LoginController.swift in Sources */,
				845FA4052BABFA73001A9831 /* AppDelegate.swift in Sources */,
				845FA4382BAC76C5001A9831 /* User.swift in Sources */,
				845FA4072BABFA73001A9831 /* SceneDelegate.swift in Sources */,
			);
			runOnlyForDeploymentPostprocessing = 0;
		};
		845FA4132BABFA74001A9831 /* Sources */ = {
			isa = PBXSourcesBuildPhase;
			buildActionMask = 2147483647;
			files = (
				845FA41C2BABFA74001A9831 /* TrackrTests.swift in Sources */,
			);
			runOnlyForDeploymentPostprocessing = 0;
		};
		845FA41D2BABFA74001A9831 /* Sources */ = {
			isa = PBXSourcesBuildPhase;
			buildActionMask = 2147483647;
			files = (
				845FA4262BABFA74001A9831 /* TrackrUITests.swift in Sources */,
				845FA4282BABFA74001A9831 /* TrackrUITestsLaunchTests.swift in Sources */,
				840E3CCF2BAD4DFA00E2ED11 /* TrackrLoginTests.swift in Sources */,
			);
			runOnlyForDeploymentPostprocessing = 0;
		};
/* End PBXSourcesBuildPhase section */

/* Begin PBXTargetDependency section */
		845FA4192BABFA74001A9831 /* PBXTargetDependency */ = {
			isa = PBXTargetDependency;
			target = 845FA4002BABFA73001A9831 /* Trackr */;
			targetProxy = 845FA4182BABFA74001A9831 /* PBXContainerItemProxy */;
		};
		845FA4232BABFA74001A9831 /* PBXTargetDependency */ = {
			isa = PBXTargetDependency;
			target = 845FA4002BABFA73001A9831 /* Trackr */;
			targetProxy = 845FA4222BABFA74001A9831 /* PBXContainerItemProxy */;
		};
/* End PBXTargetDependency section */

/* Begin PBXVariantGroup section */
		845FA40A2BABFA73001A9831 /* Main.storyboard */ = {
			isa = PBXVariantGroup;
			children = (
				845FA40B2BABFA73001A9831 /* Base */,
			);
			name = Main.storyboard;
			sourceTree = "<group>";
		};
		845FA40F2BABFA74001A9831 /* LaunchScreen.storyboard */ = {
			isa = PBXVariantGroup;
			children = (
				845FA4102BABFA74001A9831 /* Base */,
			);
			name = LaunchScreen.storyboard;
			sourceTree = "<group>";
		};
/* End PBXVariantGroup section */

/* Begin XCBuildConfiguration section */
		845FA4292BABFA74001A9831 /* Debug */ = {
			isa = XCBuildConfiguration;
			buildSettings = {
				ALWAYS_SEARCH_USER_PATHS = NO;
				ASSETCATALOG_COMPILER_GENERATE_SWIFT_ASSET_SYMBOL_EXTENSIONS = YES;
				CLANG_ANALYZER_NONNULL = YES;
				CLANG_ANALYZER_NUMBER_OBJECT_CONVERSION = YES_AGGRESSIVE;
				CLANG_CXX_LANGUAGE_STANDARD = "gnu++20";
				CLANG_ENABLE_MODULES = YES;
				CLANG_ENABLE_OBJC_ARC = YES;
				CLANG_ENABLE_OBJC_WEAK = YES;
				CLANG_WARN_BLOCK_CAPTURE_AUTORELEASING = YES;
				CLANG_WARN_BOOL_CONVERSION = YES;
				CLANG_WARN_COMMA = YES;
				CLANG_WARN_CONSTANT_CONVERSION = YES;
				CLANG_WARN_DEPRECATED_OBJC_IMPLEMENTATIONS = YES;
				CLANG_WARN_DIRECT_OBJC_ISA_USAGE = YES_ERROR;
				CLANG_WARN_DOCUMENTATION_COMMENTS = YES;
				CLANG_WARN_EMPTY_BODY = YES;
				CLANG_WARN_ENUM_CONVERSION = YES;
				CLANG_WARN_INFINITE_RECURSION = YES;
				CLANG_WARN_INT_CONVERSION = YES;
				CLANG_WARN_NON_LITERAL_NULL_CONVERSION = YES;
				CLANG_WARN_OBJC_IMPLICIT_RETAIN_SELF = YES;
				CLANG_WARN_OBJC_LITERAL_CONVERSION = YES;
				CLANG_WARN_OBJC_ROOT_CLASS = YES_ERROR;
				CLANG_WARN_QUOTED_INCLUDE_IN_FRAMEWORK_HEADER = YES;
				CLANG_WARN_RANGE_LOOP_ANALYSIS = YES;
				CLANG_WARN_STRICT_PROTOTYPES = YES;
				CLANG_WARN_SUSPICIOUS_MOVE = YES;
				CLANG_WARN_UNGUARDED_AVAILABILITY = YES_AGGRESSIVE;
				CLANG_WARN_UNREACHABLE_CODE = YES;
				CLANG_WARN__DUPLICATE_METHOD_MATCH = YES;
				COPY_PHASE_STRIP = NO;
				DEBUG_INFORMATION_FORMAT = dwarf;
				ENABLE_STRICT_OBJC_MSGSEND = YES;
				ENABLE_TESTABILITY = YES;
				ENABLE_USER_SCRIPT_SANDBOXING = YES;
				GCC_C_LANGUAGE_STANDARD = gnu17;
				GCC_DYNAMIC_NO_PIC = NO;
				GCC_NO_COMMON_BLOCKS = YES;
				GCC_OPTIMIZATION_LEVEL = 0;
				GCC_PREPROCESSOR_DEFINITIONS = (
					"DEBUG=1",
					"$(inherited)",
				);
				GCC_WARN_64_TO_32_BIT_CONVERSION = YES;
				GCC_WARN_ABOUT_RETURN_TYPE = YES_ERROR;
				GCC_WARN_UNDECLARED_SELECTOR = YES;
				GCC_WARN_UNINITIALIZED_AUTOS = YES_AGGRESSIVE;
				GCC_WARN_UNUSED_FUNCTION = YES;
				GCC_WARN_UNUSED_VARIABLE = YES;
				IPHONEOS_DEPLOYMENT_TARGET = 17.4;
				LOCALIZATION_PREFERS_STRING_CATALOGS = YES;
				MTL_ENABLE_DEBUG_INFO = INCLUDE_SOURCE;
				MTL_FAST_MATH = YES;
				ONLY_ACTIVE_ARCH = YES;
				SDKROOT = iphoneos;
				SWIFT_ACTIVE_COMPILATION_CONDITIONS = "DEBUG $(inherited)";
				SWIFT_OPTIMIZATION_LEVEL = "-Onone";
			};
			name = Debug;
		};
		845FA42A2BABFA74001A9831 /* Release */ = {
			isa = XCBuildConfiguration;
			buildSettings = {
				ALWAYS_SEARCH_USER_PATHS = NO;
				ASSETCATALOG_COMPILER_GENERATE_SWIFT_ASSET_SYMBOL_EXTENSIONS = YES;
				CLANG_ANALYZER_NONNULL = YES;
				CLANG_ANALYZER_NUMBER_OBJECT_CONVERSION = YES_AGGRESSIVE;
				CLANG_CXX_LANGUAGE_STANDARD = "gnu++20";
				CLANG_ENABLE_MODULES = YES;
				CLANG_ENABLE_OBJC_ARC = YES;
				CLANG_ENABLE_OBJC_WEAK = YES;
				CLANG_WARN_BLOCK_CAPTURE_AUTORELEASING = YES;
				CLANG_WARN_BOOL_CONVERSION = YES;
				CLANG_WARN_COMMA = YES;
				CLANG_WARN_CONSTANT_CONVERSION = YES;
				CLANG_WARN_DEPRECATED_OBJC_IMPLEMENTATIONS = YES;
				CLANG_WARN_DIRECT_OBJC_ISA_USAGE = YES_ERROR;
				CLANG_WARN_DOCUMENTATION_COMMENTS = YES;
				CLANG_WARN_EMPTY_BODY = YES;
				CLANG_WARN_ENUM_CONVERSION = YES;
				CLANG_WARN_INFINITE_RECURSION = YES;
				CLANG_WARN_INT_CONVERSION = YES;
				CLANG_WARN_NON_LITERAL_NULL_CONVERSION = YES;
				CLANG_WARN_OBJC_IMPLICIT_RETAIN_SELF = YES;
				CLANG_WARN_OBJC_LITERAL_CONVERSION = YES;
				CLANG_WARN_OBJC_ROOT_CLASS = YES_ERROR;
				CLANG_WARN_QUOTED_INCLUDE_IN_FRAMEWORK_HEADER = YES;
				CLANG_WARN_RANGE_LOOP_ANALYSIS = YES;
				CLANG_WARN_STRICT_PROTOTYPES = YES;
				CLANG_WARN_SUSPICIOUS_MOVE = YES;
				CLANG_WARN_UNGUARDED_AVAILABILITY = YES_AGGRESSIVE;
				CLANG_WARN_UNREACHABLE_CODE = YES;
				CLANG_WARN__DUPLICATE_METHOD_MATCH = YES;
				COPY_PHASE_STRIP = NO;
				DEBUG_INFORMATION_FORMAT = "dwarf-with-dsym";
				ENABLE_NS_ASSERTIONS = NO;
				ENABLE_STRICT_OBJC_MSGSEND = YES;
				ENABLE_USER_SCRIPT_SANDBOXING = YES;
				GCC_C_LANGUAGE_STANDARD = gnu17;
				GCC_NO_COMMON_BLOCKS = YES;
				GCC_WARN_64_TO_32_BIT_CONVERSION = YES;
				GCC_WARN_ABOUT_RETURN_TYPE = YES_ERROR;
				GCC_WARN_UNDECLARED_SELECTOR = YES;
				GCC_WARN_UNINITIALIZED_AUTOS = YES_AGGRESSIVE;
				GCC_WARN_UNUSED_FUNCTION = YES;
				GCC_WARN_UNUSED_VARIABLE = YES;
				IPHONEOS_DEPLOYMENT_TARGET = 17.4;
				LOCALIZATION_PREFERS_STRING_CATALOGS = YES;
				MTL_ENABLE_DEBUG_INFO = NO;
				MTL_FAST_MATH = YES;
				SDKROOT = iphoneos;
				SWIFT_COMPILATION_MODE = wholemodule;
				VALIDATE_PRODUCT = YES;
			};
			name = Release;
		};
		845FA42C2BABFA74001A9831 /* Debug */ = {
			isa = XCBuildConfiguration;
			buildSettings = {
				ASSETCATALOG_COMPILER_APPICON_NAME = AppIcon;
				ASSETCATALOG_COMPILER_GLOBAL_ACCENT_COLOR_NAME = AccentColor;
				CODE_SIGN_STYLE = Automatic;
				CURRENT_PROJECT_VERSION = 1;
				DEVELOPMENT_TEAM = 9JRB4XW772;
				GENERATE_INFOPLIST_FILE = YES;
				INFOPLIST_FILE = Trackr/Info.plist;
				INFOPLIST_KEY_UIApplicationSupportsIndirectInputEvents = YES;
				INFOPLIST_KEY_UILaunchStoryboardName = LaunchScreen;
				INFOPLIST_KEY_UIMainStoryboardFile = Main;
				INFOPLIST_KEY_UISupportedInterfaceOrientations_iPad = "UIInterfaceOrientationPortrait UIInterfaceOrientationPortraitUpsideDown UIInterfaceOrientationLandscapeLeft UIInterfaceOrientationLandscapeRight";
				INFOPLIST_KEY_UISupportedInterfaceOrientations_iPhone = "UIInterfaceOrientationPortrait UIInterfaceOrientationLandscapeLeft UIInterfaceOrientationLandscapeRight";
				LD_RUNPATH_SEARCH_PATHS = (
					"$(inherited)",
					"@executable_path/Frameworks",
				);
				MARKETING_VERSION = 1.0;
				PRODUCT_BUNDLE_IDENTIFIER = com.suno.Trackr;
				PRODUCT_NAME = "$(TARGET_NAME)";
				SWIFT_EMIT_LOC_STRINGS = YES;
				SWIFT_VERSION = 5.0;
				TARGETED_DEVICE_FAMILY = "1,2";
			};
			name = Debug;
		};
		845FA42D2BABFA74001A9831 /* Release */ = {
			isa = XCBuildConfiguration;
			buildSettings = {
				ASSETCATALOG_COMPILER_APPICON_NAME = AppIcon;
				ASSETCATALOG_COMPILER_GLOBAL_ACCENT_COLOR_NAME = AccentColor;
				CODE_SIGN_STYLE = Automatic;
				CURRENT_PROJECT_VERSION = 1;
				DEVELOPMENT_TEAM = 9JRB4XW772;
				GENERATE_INFOPLIST_FILE = YES;
				INFOPLIST_FILE = Trackr/Info.plist;
				INFOPLIST_KEY_UIApplicationSupportsIndirectInputEvents = YES;
				INFOPLIST_KEY_UILaunchStoryboardName = LaunchScreen;
				INFOPLIST_KEY_UIMainStoryboardFile = Main;
				INFOPLIST_KEY_UISupportedInterfaceOrientations_iPad = "UIInterfaceOrientationPortrait UIInterfaceOrientationPortraitUpsideDown UIInterfaceOrientationLandscapeLeft UIInterfaceOrientationLandscapeRight";
				INFOPLIST_KEY_UISupportedInterfaceOrientations_iPhone = "UIInterfaceOrientationPortrait UIInterfaceOrientationLandscapeLeft UIInterfaceOrientationLandscapeRight";
				LD_RUNPATH_SEARCH_PATHS = (
					"$(inherited)",
					"@executable_path/Frameworks",
				);
				MARKETING_VERSION = 1.0;
				PRODUCT_BUNDLE_IDENTIFIER = com.suno.Trackr;
				PRODUCT_NAME = "$(TARGET_NAME)";
				SWIFT_EMIT_LOC_STRINGS = YES;
				SWIFT_VERSION = 5.0;
				TARGETED_DEVICE_FAMILY = "1,2";
			};
			name = Release;
		};
		845FA42F2BABFA74001A9831 /* Debug */ = {
			isa = XCBuildConfiguration;
			buildSettings = {
				ALWAYS_EMBED_SWIFT_STANDARD_LIBRARIES = YES;
				BUNDLE_LOADER = "$(TEST_HOST)";
				CODE_SIGN_STYLE = Automatic;
				CURRENT_PROJECT_VERSION = 1;
				DEVELOPMENT_TEAM = 9JRB4XW772;
				GENERATE_INFOPLIST_FILE = YES;
				IPHONEOS_DEPLOYMENT_TARGET = 17.4;
				MARKETING_VERSION = 1.0;
				PRODUCT_BUNDLE_IDENTIFIER = com.suno.TrackrTests;
				PRODUCT_NAME = "$(TARGET_NAME)";
				SWIFT_EMIT_LOC_STRINGS = NO;
				SWIFT_VERSION = 5.0;
				TARGETED_DEVICE_FAMILY = "1,2";
				TEST_HOST = "$(BUILT_PRODUCTS_DIR)/Trackr.app/$(BUNDLE_EXECUTABLE_FOLDER_PATH)/Trackr";
			};
			name = Debug;
		};
		845FA4302BABFA74001A9831 /* Release */ = {
			isa = XCBuildConfiguration;
			buildSettings = {
				ALWAYS_EMBED_SWIFT_STANDARD_LIBRARIES = YES;
				BUNDLE_LOADER = "$(TEST_HOST)";
				CODE_SIGN_STYLE = Automatic;
				CURRENT_PROJECT_VERSION = 1;
				DEVELOPMENT_TEAM = 9JRB4XW772;
				GENERATE_INFOPLIST_FILE = YES;
				IPHONEOS_DEPLOYMENT_TARGET = 17.4;
				MARKETING_VERSION = 1.0;
				PRODUCT_BUNDLE_IDENTIFIER = com.suno.TrackrTests;
				PRODUCT_NAME = "$(TARGET_NAME)";
				SWIFT_EMIT_LOC_STRINGS = NO;
				SWIFT_VERSION = 5.0;
				TARGETED_DEVICE_FAMILY = "1,2";
				TEST_HOST = "$(BUILT_PRODUCTS_DIR)/Trackr.app/$(BUNDLE_EXECUTABLE_FOLDER_PATH)/Trackr";
			};
			name = Release;
		};
		845FA4322BABFA74001A9831 /* Debug */ = {
			isa = XCBuildConfiguration;
			buildSettings = {
				ALWAYS_EMBED_SWIFT_STANDARD_LIBRARIES = YES;
				CODE_SIGN_STYLE = Automatic;
				CURRENT_PROJECT_VERSION = 1;
				DEVELOPMENT_TEAM = 9JRB4XW772;
				GENERATE_INFOPLIST_FILE = YES;
				MARKETING_VERSION = 1.0;
				PRODUCT_BUNDLE_IDENTIFIER = com.suno.TrackrUITests;
				PRODUCT_NAME = "$(TARGET_NAME)";
				SWIFT_EMIT_LOC_STRINGS = NO;
				SWIFT_VERSION = 5.0;
				TARGETED_DEVICE_FAMILY = "1,2";
				TEST_TARGET_NAME = Trackr;
			};
			name = Debug;
		};
		845FA4332BABFA74001A9831 /* Release */ = {
			isa = XCBuildConfiguration;
			buildSettings = {
				ALWAYS_EMBED_SWIFT_STANDARD_LIBRARIES = YES;
				CODE_SIGN_STYLE = Automatic;
				CURRENT_PROJECT_VERSION = 1;
				DEVELOPMENT_TEAM = 9JRB4XW772;
				GENERATE_INFOPLIST_FILE = YES;
				MARKETING_VERSION = 1.0;
				PRODUCT_BUNDLE_IDENTIFIER = com.suno.TrackrUITests;
				PRODUCT_NAME = "$(TARGET_NAME)";
				SWIFT_EMIT_LOC_STRINGS = NO;
				SWIFT_VERSION = 5.0;
				TARGETED_DEVICE_FAMILY = "1,2";
				TEST_TARGET_NAME = Trackr;
			};
			name = Release;
		};
/* End XCBuildConfiguration section */

/* Begin XCConfigurationList section */
		845FA3FC2BABFA73001A9831 /* Build configuration list for PBXProject "Trackr" */ = {
			isa = XCConfigurationList;
			buildConfigurations = (
				845FA4292BABFA74001A9831 /* Debug */,
				845FA42A2BABFA74001A9831 /* Release */,
			);
			defaultConfigurationIsVisible = 0;
			defaultConfigurationName = Release;
		};
		845FA42B2BABFA74001A9831 /* Build configuration list for PBXNativeTarget "Trackr" */ = {
			isa = XCConfigurationList;
			buildConfigurations = (
				845FA42C2BABFA74001A9831 /* Debug */,
				845FA42D2BABFA74001A9831 /* Release */,
			);
			defaultConfigurationIsVisible = 0;
			defaultConfigurationName = Release;
		};
		845FA42E2BABFA74001A9831 /* Build configuration list for PBXNativeTarget "TrackrTests" */ = {
			isa = XCConfigurationList;
			buildConfigurations = (
				845FA42F2BABFA74001A9831 /* Debug */,
				845FA4302BABFA74001A9831 /* Release */,
			);
			defaultConfigurationIsVisible = 0;
			defaultConfigurationName = Release;
		};
		845FA4312BABFA74001A9831 /* Build configuration list for PBXNativeTarget "TrackrUITests" */ = {
			isa = XCConfigurationList;
			buildConfigurations = (
				845FA4322BABFA74001A9831 /* Debug */,
				845FA4332BABFA74001A9831 /* Release */,
			);
			defaultConfigurationIsVisible = 0;
			defaultConfigurationName = Release;
		};
/* End XCConfigurationList section */
	};
	rootObject = 845FA3F92BABFA73001A9831 /* Project object */;
}
